
Microsoft Visual Studio Solution File, Format Version 12.00
Project("{FAE04EC0-301F-11D3-BF4B-00C04F79EFBC}") = "event-driven", "event-driven\event-driven.csproj", "{FC6E6875-1299-4D94-843C-31D413B5A4FC}"
EndProject
Project("{FAE04EC0-301F-11D3-BF4B-00C04F79EFBC}") = "pipes-and-filters", "pipes-and-filters\pipes-and-filters.csproj", "{5C68E099-A0BB-4E87-9AE2-71C377932D82}"
EndProject
Global
	GlobalSection(SolutionConfigurationPlatforms) = preSolution
		Debug|Any CPU = Debug|Any CPU
		Release|Any CPU = Release|Any CPU
	EndGlobalSection
	GlobalSection(ProjectConfigurationPlatforms) = postSolution
		{FC6E6875-1299-4D94-843C-31D413B5A4FC}.Debug|Any CPU.ActiveCfg = Debug|Any CPU
		{FC6E6875-1299-4D94-843C-31D413B5A4FC}.Debug|Any CPU.Build.0 = Debug|Any CPU
		{FC6E6875-1299-4D94-843C-31D413B5A4FC}.Release|Any CPU.ActiveCfg = Release|Any CPU
		{FC6E6875-1299-4D94-843C-31D413B5A4FC}.Release|Any CPU.Build.0 = Release|Any CPU
		{5C68E099-A0BB-4E87-9AE2-71C377932D82}.Debug|Any CPU.ActiveCfg = Debug|Any CPU
		{5C68E099-A0BB-4E87-9AE2-71C377932D82}.Debug|Any CPU.Build.0 = Debug|Any CPU
		{5C68E099-A0BB-4E87-9AE2-71C377932D82}.Release|Any CPU.ActiveCfg = Release|Any CPU
		{5C68E099-A0BB-4E87-9AE2-71C377932D82}.Release|Any CPU.Build.0 = Release|Any CPU
	EndGlobalSection
EndGlobal
